
Microsoft Visual Studio Solution File, Format Version 12.00
# Visual Studio Version 17
VisualStudioVersion = 17.9.34616.47
MinimumVisualStudioVersion = 10.0.40219.1
Project("{FAE04EC0-301F-11D3-BF4B-00C04F79EFBC}") = "TUSpaceSim", "TUSpaceSim\TUSpaceSim.csproj", "{5C313522-E408-4D79-A944-29A3BA815D27}"
EndProject
Global
	GlobalSection(SolutionConfigurationPlatforms) = preSolution
		Debug|Any CPU = Debug|Any CPU
		Release|Any CPU = Release|Any CPU
	EndGlobalSection
	GlobalSection(ProjectConfigurationPlatforms) = postSolution
		{5C313522-E408-4D79-A944-29A3BA815D27}.Debug|Any CPU.ActiveCfg = Debug|Any CPU
		{5C313522-E408-4D79-A944-29A3BA815D27}.Debug|Any CPU.Build.0 = Debug|Any CPU
		{5C313522-E408-4D79-A944-29A3BA815D27}.Release|Any CPU.ActiveCfg = Release|Any CPU
		{5C313522-E408-4D79-A944-29A3BA815D27}.Release|Any CPU.Build.0 = Release|Any CPU
	EndGlobalSection
	GlobalSection(SolutionProperties) = preSolution
		HideSolutionNode = FALSE
	EndGlobalSection
	GlobalSection(ExtensibilityGlobals) = postSolution
		SolutionGuid = {C38094B8-FD8A-4FA5-8362-B22CD83F159B}
	EndGlobalSection
EndGlobal
